{
  "version": 1,
  "dependencies": {
    "net10.0": {
      "Iced": {
        "type": "Direct",
        "requested": "[1.17.0, )",
        "resolved": "1.17.0",
        "contentHash": "8x+HCVTl/HHTGpscH3vMBhV8sknN/muZFw9s3TsI8SA6+c43cOTCi2+jE4KsU8pNLbJ++iF2ZFcpcXHXtDglnw=="
      },
      "PolySharp": {
        "type": "Direct",
        "requested": "[1.14.1, )",
        "resolved": "1.14.1",
        "contentHash": "mOOmFYwad3MIOL14VCjj02LljyF1GNw1wP0YVlxtcPvqdxjGGMNdNJJxHptlry3MOd8b40Flm8RPOM8JOlN2sQ=="
      },
      "Microsoft.Extensions.Logging.Abstractions": {
        "type": "Transitive",
        "resolved": "6.0.1",
        "contentHash": "dzB2Cgg+JmrouhjkcQGzSFjjvpwlq353i8oBQO2GWNjCXSzhbtBRUf28HSauWe7eib3wYOdb3tItdjRwAdwCSg=="
      },
      "il2cppinterop.common": {
        "type": "Project",
        "dependencies": {
          "Iced": "[1.17.0, )",
          "Microsoft.Extensions.Logging.Abstractions": "[6.0.1, )"
        }
      }
    }
  }
}