{
  "version": 1,
  "dependencies": {
    "net10.0": {
      "HarmonyX": {
        "type": "Direct",
        "requested": "[2.16.1, )",
        "resolved": "2.16.1",
        "contentHash": "jcak87u4IqYs4rLw/zwuXr6LsmGc/ekQdEGSG6avy3A1aEK66a50BshmizpjpkSNU3uZadMutmy6ePSG5hgmtw==",
        "dependencies": {
          "MonoMod.RuntimeDetour": "25.3.4"
        }
      },
      "Iced": {
        "type": "Transitive",
        "resolved": "1.17.0",
        "contentHash": "8x+HCVTl/HHTGpscH3vMBhV8sknN/muZFw9s3TsI8SA6+c43cOTCi2+jE4KsU8pNLbJ++iF2ZFcpcXHXtDglnw=="
      },
      "Microsoft.Extensions.Logging.Abstractions": {
        "type": "Transitive",
        "resolved": "6.0.1",
        "contentHash": "dzB2Cgg+JmrouhjkcQGzSFjjvpwlq353i8oBQO2GWNjCXSzhbtBRUf28HSauWe7eib3wYOdb3tItdjRwAdwCSg=="
      },
      "Mono.Cecil": {
        "type": "Transitive",
        "resolved": "0.11.6",
        "contentHash": "f33RkDtZO8VlGXCtmQIviOtxgnUdym9xx/b1p9h91CRGOsJFxCFOFK1FDbVt1OCf1aWwYejUFa2MOQyFWTFjbA=="
      },
      "MonoMod.Backports": {
        "type": "Transitive",
        "resolved": "1.1.2",
        "contentHash": "baYlNy8n8kmaNhNvqmZ/dIPOeO1r9//dG1i2WbunMWtWZ2EKtIgmXaS+ZzphzTsikkGnoD4Jwr5g0TVdpDjgpw==",
        "dependencies": {
          "MonoMod.ILHelpers": "1.1.0"
        }
      },
      "MonoMod.Core": {
        "type": "Transitive",
        "resolved": "1.3.4",
        "contentHash": "yeLEs4Y+hfFjiShKotDYKWiwnADra2kj8pYl66QewdcM/IRPIbjG6wAIVq38Zj9Ry2me33DCwXOHWrTnR7dZ1Q==",
        "dependencies": {
          "Mono.Cecil": "0.11.6",
          "MonoMod.Backports": "1.1.2",
          "MonoMod.ILHelpers": "1.1.0",
          "MonoMod.Utils": "25.0.12"
        }
      },
      "MonoMod.ILHelpers": {
        "type": "Transitive",
        "resolved": "1.1.0",
        "contentHash": "L2FWjhTrv7tcIxshfZ+M3OcaNr4cNw0IwiVZEgwqRnZ5QAN3+RrNJ8ZwCzwXUWyPDqooJxMcjjg8PsSYUiNBjQ=="
      },
      "MonoMod.RuntimeDetour": {
        "type": "Transitive",
        "resolved": "25.3.4",
        "contentHash": "hzAogPejsFAAWUaa+dFXH2GR2LdLSEAfPfT1sz1wCPXBxHzufbcVo8NkpsrhLEYVIQ0BDb1Xsyv/MqyFShC4bA==",
        "dependencies": {
          "Mono.Cecil": "0.11.6",
          "MonoMod.Backports": "1.1.2",
          "MonoMod.Core": "1.3.4",
          "MonoMod.ILHelpers": "1.1.0",
          "MonoMod.Utils": "25.0.12"
        }
      },
      "MonoMod.Utils": {
        "type": "Transitive",
        "resolved": "25.0.12",
        "contentHash": "8i/uRhkl7vW2DNMmDsIz+D7VaMtv9/jH+m7f4y5Zz3FJGbm15MVSwVfOp/fVV/1Ld6YFxk6jophDNVbAZUKR1Q==",
        "dependencies": {
          "Mono.Cecil": "0.11.6",
          "MonoMod.Backports": "1.1.2",
          "MonoMod.ILHelpers": "1.1.0"
        }
      },
      "il2cppinterop.common": {
        "type": "Project",
        "dependencies": {
          "Iced": "[1.17.0, )",
          "Microsoft.Extensions.Logging.Abstractions": "[6.0.1, )"
        }
      },
      "il2cppinterop.runtime": {
        "type": "Project",
        "dependencies": {
          "Iced": "[1.17.0, )",
          "Il2CppInterop.Common": "[1.4.6, )"
        }
      }
    }
  }
}